<?xml version="1.0" encoding="utf-8"?>
<Project ToolsVersion="4.0" xmlns="http://schemas.microsoft.com/developer/msbuild/2003">
  <ItemGroup>
    <ClCompile Include="Source\Application.cpp" />
    <ClCompile Include="Source\Enemy.cpp" />
    <ClCompile Include="Source\EntityManager.cpp" />
    <ClCompile Include="Source\FPSCamera.cpp" />
    <ClCompile Include="Source\GenericEntity.cpp" />
    <ClCompile Include="Source\GroundEntity.cpp" />
    <ClCompile Include="Source\LevelOfDetails.cpp" />
    <ClCompile Include="Source\Light.cpp" />
    <ClCompile Include="Source\main.cpp" />
    <ClCompile Include="Source\OBJMesh.cpp" />
    <ClCompile Include="Source\Particles.cpp" />
    <ClCompile Include="Source\ParticlesGenerator.cpp" />
    <ClCompile Include="Source\PlayerInfo\PlayerInfo.cpp" />
    <ClCompile Include="Source\Projectile\Grenade.cpp" />
    <ClCompile Include="Source\Projectile\Laser.cpp" />
    <ClCompile Include="Source\Projectile\Projectile.cpp" />
    <ClCompile Include="Source\SceneGraph.cpp" />
    <ClCompile Include="Source\SceneNode.cpp" />
    <ClCompile Include="Source\SceneText.cpp" />
    <ClCompile Include="Source\SkyBox\SkyBoxEntity.cpp" />
    <ClCompile Include="Source\SpatialPartition\Grid.cpp" />
    <ClCompile Include="Source\SpatialPartition\SpatialPartition.cpp" />
    <ClCompile Include="Source\SpriteEntity.cpp" />
    <ClCompile Include="Source\Test Dummy\Dummy.cpp" />
    <ClCompile Include="Source\TextEntity.cpp" />
    <ClCompile Include="Source\Transform.cpp" />
    <ClCompile Include="Source\UpdateTransformation.cpp" />
    <ClCompile Include="Source\WeaponInfo\GrenadeThrow.cpp" />
    <ClCompile Include="Source\WeaponInfo\LaserBlaster.cpp" />
    <ClCompile Include="Source\WeaponInfo\Pistol.cpp" />
    <ClCompile Include="Source\WeaponInfo\WeaponInfo.cpp" />
    <ClCompile Include="Source\Lua\LuaInterface.cpp" />
    <ClCompile Include="Source\IntroState.cpp">
      <Filter>GameStateManagement</Filter>
    </ClCompile>
    <ClCompile Include="Source\MenuState.cpp">
      <Filter>GameStateManagement</Filter>
    </ClCompile>
    <ClCompile Include="Source\SceneT2.cpp">
      <Filter>GameStateManagement</Filter>
    </ClCompile>
  </ItemGroup>
  <ItemGroup>
    <ClInclude Include="Source\Application.h" />
    <ClInclude Include="Source\Enemy.h" />
    <ClInclude Include="Source\EntityManager.h" />
    <ClInclude Include="Source\FPSCamera.h" />
    <ClInclude Include="Source\GenericEntity.h" />
    <ClInclude Include="Source\GroundEntity.h" />
    <ClInclude Include="Source\LevelOfDetails.h" />
    <ClInclude Include="Source\Light.h" />
    <ClInclude Include="Source\OBJMesh.h" />
    <ClInclude Include="Source\Particles.h" />
    <ClInclude Include="Source\ParticlesGenerator.h" />
    <ClInclude Include="Source\PlayerInfo\PlayerInfo.h" />
    <ClInclude Include="Source\Projectile\Grenade.h" />
    <ClInclude Include="Source\Projectile\Laser.h" />
    <ClInclude Include="Source\Projectile\Projectile.h" />
    <ClInclude Include="Source\SceneGraph.h" />
    <ClInclude Include="Source\SceneNode.h" />
    <ClInclude Include="Source\SceneText.h" />
    <ClInclude Include="Source\SkyBox\SkyBoxEntity.h" />
    <ClInclude Include="Source\SpatialPartition\Grid.h" />
    <ClInclude Include="Source\SpatialPartition\SpatialPartition.h" />
    <ClInclude Include="Source\SpriteEntity.h" />
    <ClInclude Include="Source\Test Dummy\Dummy.h" />
    <ClInclude Include="Source\TextEntity.h" />
    <ClInclude Include="Source\Transform.h" />
    <ClInclude Include="Source\UpdateTransformation.h" />
    <ClInclude Include="Source\WeaponInfo\GrenadeThrow.h" />
    <ClInclude Include="Source\WeaponInfo\LaserBlaster.h" />
    <ClInclude Include="Source\WeaponInfo\Pistol.h" />
    <ClInclude Include="Source\WeaponInfo\WeaponInfo.h" />
    <ClInclude Include="Source\Lua\LuaInterface.h" />
    <ClInclude Include="Source\Lua\lauxlib.h" />
    <ClInclude Include="Source\Lua\lua.h" />
    <ClInclude Include="Source\Lua\lua.hpp" />
    <ClInclude Include="Source\Lua\luaconf.h" />
    <ClInclude Include="Source\Lua\lualib.h" />
    <ClInclude Include="Source\IntroState.h">
      <Filter>GameStateManagement</Filter>
    </ClInclude>
    <ClInclude Include="Source\MenuState.h">
      <Filter>GameStateManagement</Filter>
    </ClInclude>
    <ClInclude Include="Source\SceneT2.h">
      <Filter>GameStateManagement</Filter>
    </ClInclude>
  </ItemGroup>
  <ItemGroup>
    <Filter Include="GameStateManagement">
      <UniqueIdentifier>{01c83d98-3263-4a6a-9342-fd24b890c040}</UniqueIdentifier>
    </Filter>
  </ItemGroup>
</Project>